{
  "version": 4,
  "terraform_version": "0.15.4",
  "serial": 4,
  "lineage": "1ffa5435-0523-052b-0da0-2a938b6e8b93",
  "outputs": {},
  "resources": [
    {
      "mode": "managed",
      "type": "jetstream_consumer",
      "name": "ORDERS_NEW",
      "provider": "provider[\"terraform.example.com/mycorp/jetstream\"]",
      "instances": [
        {
          "schema_version": 0,
          "attributes": {
            "ack_policy": "explicit",
            "ack_wait": 30,
            "deliver_all": true,
            "deliver_last": null,
            "deliver_new": null,
            "delivery_subject": "",
            "durable_name": "NEW",
            "filter_subject": "ORDERS.received",
            "flow_control": false,
            "heartbeat": 0,
            "id": "JETSTREAM_STREAM_ORDERS_CONSUMER_NEW",
            "max_ack_pending": 20000,
            "max_delivery": -1,
            "ratelimit": 0,
            "replay_policy": "instant",
            "sample_freq": 100,
            "start_time": "",
            "stream_id": "JETSTREAM_STREAM_ORDERS",
            "stream_sequence": 0
          },
          "sensitive_attributes": [],
          "private": "bnVsbA==",
          "dependencies": [
            "jetstream_stream.ORDERS"
          ]
        }
      ]
    },
    {
      "mode": "managed",
      "type": "jetstream_stream",
      "name": "ORDERS",
      "provider": "provider[\"terraform.example.com/mycorp/jetstream\"]",
      "instances": [
        {
          "schema_version": 0,
          "attributes": {
            "ack": true,
            "duplicate_window": 120,
            "id": "JETSTREAM_STREAM_ORDERS",
            "max_age": 31536000,
            "max_bytes": -1,
            "max_consumers": -1,
            "max_msg_size": -1,
            "max_msgs": -1,
            "mirror": [],
            "name": "ORDERS",
            "placement_cluster": null,
            "placement_tags": null,
            "replicas": 1,
            "retention": "limits",
            "source": [],
            "storage": "file",
            "subjects": [
              "ORDERS.*"
            ]
          },
          "sensitive_attributes": [],
          "private": "bnVsbA=="
        }
      ]
    }
  ]
}
